
Microsoft Visual Studio Solution File, Format Version 12.00
# Visual Studio 15
VisualStudioVersion = 15.0.28307.136
MinimumVisualStudioVersion = 10.0.40219.1
Project("{9A19103F-16F7-4668-BE54-9A1E7A4F7556}") = "CosmosDBInsert", "CosmosDBInsert\CosmosDBInsert.csproj", "{2C7DAA60-1D07-4906-9BEB-ABBF411C6F97}"
EndProject
Global
	GlobalSection(SolutionConfigurationPlatforms) = preSolution
		Debug|Any CPU = Debug|Any CPU
		Release|Any CPU = Release|Any CPU
	EndGlobalSection
	GlobalSection(ProjectConfigurationPlatforms) = postSolution
		{2C7DAA60-1D07-4906-9BEB-ABBF411C6F97}.Debug|Any CPU.ActiveCfg = Debug|Any CPU
		{2C7DAA60-1D07-4906-9BEB-ABBF411C6F97}.Debug|Any CPU.Build.0 = Debug|Any CPU
		{2C7DAA60-1D07-4906-9BEB-ABBF411C6F97}.Release|Any CPU.ActiveCfg = Release|Any CPU
		{2C7DAA60-1D07-4906-9BEB-ABBF411C6F97}.Release|Any CPU.Build.0 = Release|Any CPU
	EndGlobalSection
	GlobalSection(SolutionProperties) = preSolution
		HideSolutionNode = FALSE
	EndGlobalSection
	GlobalSection(ExtensibilityGlobals) = postSolution
		SolutionGuid = {52C9935D-984F-4DDA-A946-7D3584351FB6}
	EndGlobalSection
EndGlobal
